
Microsoft Visual Studio Solution File, Format Version 12.00
# Visual Studio Version 17
VisualStudioVersion = 17.7.34031.279
MinimumVisualStudioVersion = 10.0.40219.1
Project("{FAE04EC0-301F-11D3-BF4B-00C04F79EFBC}") = "dbReader", "dbReader\dbReader.csproj", "{F20DC4B7-5EDA-4BF8-8300-56468365D367}"
EndProject
Global
	GlobalSection(SolutionConfigurationPlatforms) = preSolution
		Debug|Any CPU = Debug|Any CPU
		Release|Any CPU = Release|Any CPU
	EndGlobalSection
	GlobalSection(ProjectConfigurationPlatforms) = postSolution
		{F20DC4B7-5EDA-4BF8-8300-56468365D367}.Debug|Any CPU.ActiveCfg = Debug|Any CPU
		{F20DC4B7-5EDA-4BF8-8300-56468365D367}.Debug|Any CPU.Build.0 = Debug|Any CPU
		{F20DC4B7-5EDA-4BF8-8300-56468365D367}.Release|Any CPU.ActiveCfg = Release|Any CPU
		{F20DC4B7-5EDA-4BF8-8300-56468365D367}.Release|Any CPU.Build.0 = Release|Any CPU
	EndGlobalSection
	GlobalSection(SolutionProperties) = preSolution
		HideSolutionNode = FALSE
	EndGlobalSection
	GlobalSection(ExtensibilityGlobals) = postSolution
		SolutionGuid = {D44D3974-87FE-4DA1-8291-1AF577B9501B}
	EndGlobalSection
EndGlobal
